
Microsoft Visual Studio Solution File, Format Version 12.00
# Visual Studio 14
VisualStudioVersion = 14.0.25420.1
MinimumVisualStudioVersion = 10.0.40219.1
Project("{FAE04EC0-301F-11D3-BF4B-00C04F79EFBC}") = "Tuyendung", "Tuyendung\Tuyendung.csproj", "{270D081E-3211-4249-8BB1-ABABC9DE8385}"
EndProject
Project("{FAE04EC0-301F-11D3-BF4B-00C04F79EFBC}") = "UnitTest", "UnitTest\UnitTest.csproj", "{830D50B9-19AC-418D-95A4-15D57269EC5F}"
EndProject
Global
	GlobalSection(SolutionConfigurationPlatforms) = preSolution
		Debug|Any CPU = Debug|Any CPU
		Release|Any CPU = Release|Any CPU
	EndGlobalSection
	GlobalSection(ProjectConfigurationPlatforms) = postSolution
		{270D081E-3211-4249-8BB1-ABABC9DE8385}.Debug|Any CPU.ActiveCfg = Debug|Any CPU
		{270D081E-3211-4249-8BB1-ABABC9DE8385}.Debug|Any CPU.Build.0 = Debug|Any CPU
		{270D081E-3211-4249-8BB1-ABABC9DE8385}.Release|Any CPU.ActiveCfg = Release|Any CPU
		{270D081E-3211-4249-8BB1-ABABC9DE8385}.Release|Any CPU.Build.0 = Release|Any CPU
		{830D50B9-19AC-418D-95A4-15D57269EC5F}.Debug|Any CPU.ActiveCfg = Debug|Any CPU
		{830D50B9-19AC-418D-95A4-15D57269EC5F}.Debug|Any CPU.Build.0 = Debug|Any CPU
		{830D50B9-19AC-418D-95A4-15D57269EC5F}.Release|Any CPU.ActiveCfg = Release|Any CPU
		{830D50B9-19AC-418D-95A4-15D57269EC5F}.Release|Any CPU.Build.0 = Release|Any CPU
	EndGlobalSection
	GlobalSection(SolutionProperties) = preSolution
		HideSolutionNode = FALSE
	EndGlobalSection
EndGlobal
